
Microsoft Visual Studio Solution File, Format Version 12.00
# Visual Studio Version 17
VisualStudioVersion = 17.5.002.0
MinimumVisualStudioVersion = 10.0.40219.1
Project("{9A19103F-16F7-4668-BE54-9A1E7A4F7556}") = "_6502Clone", "_6502Clone.csproj", "{FD48DD57-4D57-4823-B8E3-28A5EDB22825}"
EndProject
Global
	GlobalSection(SolutionConfigurationPlatforms) = preSolution
		Debug|Any CPU = Debug|Any CPU
		Release|Any CPU = Release|Any CPU
	EndGlobalSection
	GlobalSection(ProjectConfigurationPlatforms) = postSolution
		{FD48DD57-4D57-4823-B8E3-28A5EDB22825}.Debug|Any CPU.ActiveCfg = Debug|Any CPU
		{FD48DD57-4D57-4823-B8E3-28A5EDB22825}.Debug|Any CPU.Build.0 = Debug|Any CPU
		{FD48DD57-4D57-4823-B8E3-28A5EDB22825}.Release|Any CPU.ActiveCfg = Release|Any CPU
		{FD48DD57-4D57-4823-B8E3-28A5EDB22825}.Release|Any CPU.Build.0 = Release|Any CPU
	EndGlobalSection
	GlobalSection(SolutionProperties) = preSolution
		HideSolutionNode = FALSE
	EndGlobalSection
	GlobalSection(ExtensibilityGlobals) = postSolution
		SolutionGuid = {B9AE802C-7FB9-41F1-B2A0-670520FE9DFF}
	EndGlobalSection
EndGlobal
